
Microsoft Visual Studio Solution File, Format Version 12.00
# Visual Studio Version 17
VisualStudioVersion = 17.4.33213.308
MinimumVisualStudioVersion = 10.0.40219.1
Project("{FAE04EC0-301F-11D3-BF4B-00C04F79EFBC}") = "AddressBook", "AddressBook.csproj", "{5135D8DE-D580-465C-B3D0-40D9BB019523}"
EndProject
Global
	GlobalSection(SolutionConfigurationPlatforms) = preSolution
		Debug|Any CPU = Debug|Any CPU
		Release|Any CPU = Release|Any CPU
	EndGlobalSection
	GlobalSection(ProjectConfigurationPlatforms) = postSolution
		{5135D8DE-D580-465C-B3D0-40D9BB019523}.Debug|Any CPU.ActiveCfg = Debug|Any CPU
		{5135D8DE-D580-465C-B3D0-40D9BB019523}.Debug|Any CPU.Build.0 = Debug|Any CPU
		{5135D8DE-D580-465C-B3D0-40D9BB019523}.Release|Any CPU.ActiveCfg = Release|Any CPU
		{5135D8DE-D580-465C-B3D0-40D9BB019523}.Release|Any CPU.Build.0 = Release|Any CPU
	EndGlobalSection
	GlobalSection(SolutionProperties) = preSolution
		HideSolutionNode = FALSE
	EndGlobalSection
	GlobalSection(ExtensibilityGlobals) = postSolution
		SolutionGuid = {6116C8A5-878D-4F62-BC0A-F333FF5E3883}
	EndGlobalSection
EndGlobal
